
Microsoft Visual Studio Solution File, Format Version 12.00
# Visual Studio Version 18
VisualStudioVersion = 18.5.11709.299
MinimumVisualStudioVersion = 10.0.40219.1
Project("{FAE04EC0-301F-11D3-BF4B-00C04F79EFBC}") = "App.API", "App.API\App.API.csproj", "{0C8F0023-13DB-4D57-85EA-898D29E1580C}"
EndProject
Project("{FAE04EC0-301F-11D3-BF4B-00C04F79EFBC}") = "App.Domain", "App.Domain\App.Domain.csproj", "{5C072A7B-9EB7-4729-A7C9-23653DA3BF77}"
EndProject
Project("{FAE04EC0-301F-11D3-BF4B-00C04F79EFBC}") = "App.Application", "App.Application\App.Application.csproj", "{6A6DCF7F-EEBA-4F7C-B300-12D4B0557778}"
EndProject
Project("{FAE04EC0-301F-11D3-BF4B-00C04F79EFBC}") = "App.Infrastructure", "App.Infrastructure\App.Infrastructure.csproj", "{F90A325E-8EFE-4D26-920F-A679C7D8CD7A}"
EndProject
Project("{FAE04EC0-301F-11D3-BF4B-00C04F79EFBC}") = "App.Shared", "App.Shared\App.Shared.csproj", "{B270BF5A-387B-476D-AC8A-0EB1AB9C5C9B}"
EndProject
Project("{FAE04EC0-301F-11D3-BF4B-00C04F79EFBC}") = "App.Web", "App.Web\App.Web.csproj", "{532656EC-4463-4C1C-B74B-AD9604D5E9A2}"
EndProject
Project("{FAE04EC0-301F-11D3-BF4B-00C04F79EFBC}") = "App.Tests", "App.Tests\App.Tests.csproj", "{156F00FF-BBBC-4D2B-8294-4C54ED38E4AF}"
EndProject
Project("{FAE04EC0-301F-11D3-BF4B-00C04F79EFBC}") = "App.Test", "App.Test\App.Test.csproj", "{C6EB4CC2-F44E-463C-8457-C61894C4942F}"
EndProject
Global
	GlobalSection(SolutionConfigurationPlatforms) = preSolution
		Debug|Any CPU = Debug|Any CPU
		Debug|x64 = Debug|x64
		Debug|x86 = Debug|x86
		Release|Any CPU = Release|Any CPU
		Release|x64 = Release|x64
		Release|x86 = Release|x86
	EndGlobalSection
	GlobalSection(ProjectConfigurationPlatforms) = postSolution
		{0C8F0023-13DB-4D57-85EA-898D29E1580C}.Debug|Any CPU.ActiveCfg = Debug|Any CPU
		{0C8F0023-13DB-4D57-85EA-898D29E1580C}.Debug|Any CPU.Build.0 = Debug|Any CPU
		{0C8F0023-13DB-4D57-85EA-898D29E1580C}.Debug|x64.ActiveCfg = Debug|Any CPU
		{0C8F0023-13DB-4D57-85EA-898D29E1580C}.Debug|x64.Build.0 = Debug|Any CPU
		{0C8F0023-13DB-4D57-85EA-898D29E1580C}.Debug|x86.ActiveCfg = Debug|Any CPU
		{0C8F0023-13DB-4D57-85EA-898D29E1580C}.Debug|x86.Build.0 = Debug|Any CPU
		{0C8F0023-13DB-4D57-85EA-898D29E1580C}.Release|Any CPU.ActiveCfg = Release|Any CPU
		{0C8F0023-13DB-4D57-85EA-898D29E1580C}.Release|Any CPU.Build.0 = Release|Any CPU
		{0C8F0023-13DB-4D57-85EA-898D29E1580C}.Release|x64.ActiveCfg = Release|Any CPU
		{0C8F0023-13DB-4D57-85EA-898D29E1580C}.Release|x64.Build.0 = Release|Any CPU
		{0C8F0023-13DB-4D57-85EA-898D29E1580C}.Release|x86.ActiveCfg = Release|Any CPU
		{0C8F0023-13DB-4D57-85EA-898D29E1580C}.Release|x86.Build.0 = Release|Any CPU
		{5C072A7B-9EB7-4729-A7C9-23653DA3BF77}.Debug|Any CPU.ActiveCfg = Debug|Any CPU
		{5C072A7B-9EB7-4729-A7C9-23653DA3BF77}.Debug|Any CPU.Build.0 = Debug|Any CPU
		{5C072A7B-9EB7-4729-A7C9-23653DA3BF77}.Debug|x64.ActiveCfg = Debug|Any CPU
		{5C072A7B-9EB7-4729-A7C9-23653DA3BF77}.Debug|x64.Build.0 = Debug|Any CPU
		{5C072A7B-9EB7-4729-A7C9-23653DA3BF77}.Debug|x86.ActiveCfg = Debug|Any CPU
		{5C072A7B-9EB7-4729-A7C9-23653DA3BF77}.Debug|x86.Build.0 = Debug|Any CPU
		{5C072A7B-9EB7-4729-A7C9-23653DA3BF77}.Release|Any CPU.ActiveCfg = Release|Any CPU
		{5C072A7B-9EB7-4729-A7C9-23653DA3BF77}.Release|Any CPU.Build.0 = Release|Any CPU
		{5C072A7B-9EB7-4729-A7C9-23653DA3BF77}.Release|x64.ActiveCfg = Release|Any CPU
		{5C072A7B-9EB7-4729-A7C9-23653DA3BF77}.Release|x64.Build.0 = Release|Any CPU
		{5C072A7B-9EB7-4729-A7C9-23653DA3BF77}.Release|x86.ActiveCfg = Release|Any CPU
		{5C072A7B-9EB7-4729-A7C9-23653DA3BF77}.Release|x86.Build.0 = Release|Any CPU
		{6A6DCF7F-EEBA-4F7C-B300-12D4B0557778}.Debug|Any CPU.ActiveCfg = Debug|Any CPU
		{6A6DCF7F-EEBA-4F7C-B300-12D4B0557778}.Debug|Any CPU.Build.0 = Debug|Any CPU
		{6A6DCF7F-EEBA-4F7C-B300-12D4B0557778}.Debug|x64.ActiveCfg = Debug|Any CPU
		{6A6DCF7F-EEBA-4F7C-B300-12D4B0557778}.Debug|x64.Build.0 = Debug|Any CPU
		{6A6DCF7F-EEBA-4F7C-B300-12D4B0557778}.Debug|x86.ActiveCfg = Debug|Any CPU
		{6A6DCF7F-EEBA-4F7C-B300-12D4B0557778}.Debug|x86.Build.0 = Debug|Any CPU
		{6A6DCF7F-EEBA-4F7C-B300-12D4B0557778}.Release|Any CPU.ActiveCfg = Release|Any CPU
		{6A6DCF7F-EEBA-4F7C-B300-12D4B0557778}.Release|Any CPU.Build.0 = Release|Any CPU
		{6A6DCF7F-EEBA-4F7C-B300-12D4B0557778}.Release|x64.ActiveCfg = Release|Any CPU
		{6A6DCF7F-EEBA-4F7C-B300-12D4B0557778}.Release|x64.Build.0 = Release|Any CPU
		{6A6DCF7F-EEBA-4F7C-B300-12D4B0557778}.Release|x86.ActiveCfg = Release|Any CPU
		{6A6DCF7F-EEBA-4F7C-B300-12D4B0557778}.Release|x86.Build.0 = Release|Any CPU
		{F90A325E-8EFE-4D26-920F-A679C7D8CD7A}.Debug|Any CPU.ActiveCfg = Debug|Any CPU
		{F90A325E-8EFE-4D26-920F-A679C7D8CD7A}.Debug|Any CPU.Build.0 = Debug|Any CPU
		{F90A325E-8EFE-4D26-920F-A679C7D8CD7A}.Debug|x64.ActiveCfg = Debug|Any CPU
		{F90A325E-8EFE-4D26-920F-A679C7D8CD7A}.Debug|x64.Build.0 = Debug|Any CPU
		{F90A325E-8EFE-4D26-920F-A679C7D8CD7A}.Debug|x86.ActiveCfg = Debug|Any CPU
		{F90A325E-8EFE-4D26-920F-A679C7D8CD7A}.Debug|x86.Build.0 = Debug|Any CPU
		{F90A325E-8EFE-4D26-920F-A679C7D8CD7A}.Release|Any CPU.ActiveCfg = Release|Any CPU
		{F90A325E-8EFE-4D26-920F-A679C7D8CD7A}.Release|Any CPU.Build.0 = Release|Any CPU
		{F90A325E-8EFE-4D26-920F-A679C7D8CD7A}.Release|x64.ActiveCfg = Release|Any CPU
		{F90A325E-8EFE-4D26-920F-A679C7D8CD7A}.Release|x64.Build.0 = Release|Any CPU
		{F90A325E-8EFE-4D26-920F-A679C7D8CD7A}.Release|x86.ActiveCfg = Release|Any CPU
		{F90A325E-8EFE-4D26-920F-A679C7D8CD7A}.Release|x86.Build.0 = Release|Any CPU
		{B270BF5A-387B-476D-AC8A-0EB1AB9C5C9B}.Debug|Any CPU.ActiveCfg = Debug|Any CPU
		{B270BF5A-387B-476D-AC8A-0EB1AB9C5C9B}.Debug|Any CPU.Build.0 = Debug|Any CPU
		{B270BF5A-387B-476D-AC8A-0EB1AB9C5C9B}.Debug|x64.ActiveCfg = Debug|Any CPU
		{B270BF5A-387B-476D-AC8A-0EB1AB9C5C9B}.Debug|x64.Build.0 = Debug|Any CPU
		{B270BF5A-387B-476D-AC8A-0EB1AB9C5C9B}.Debug|x86.ActiveCfg = Debug|Any CPU
		{B270BF5A-387B-476D-AC8A-0EB1AB9C5C9B}.Debug|x86.Build.0 = Debug|Any CPU
		{B270BF5A-387B-476D-AC8A-0EB1AB9C5C9B}.Release|Any CPU.ActiveCfg = Release|Any CPU
		{B270BF5A-387B-476D-AC8A-0EB1AB9C5C9B}.Release|Any CPU.Build.0 = Release|Any CPU
		{B270BF5A-387B-476D-AC8A-0EB1AB9C5C9B}.Release|x64.ActiveCfg = Release|Any CPU
		{B270BF5A-387B-476D-AC8A-0EB1AB9C5C9B}.Release|x64.Build.0 = Release|Any CPU
		{B270BF5A-387B-476D-AC8A-0EB1AB9C5C9B}.Release|x86.ActiveCfg = Release|Any CPU
		{B270BF5A-387B-476D-AC8A-0EB1AB9C5C9B}.Release|x86.Build.0 = Release|Any CPU
		{532656EC-4463-4C1C-B74B-AD9604D5E9A2}.Debug|Any CPU.ActiveCfg = Debug|Any CPU
		{532656EC-4463-4C1C-B74B-AD9604D5E9A2}.Debug|Any CPU.Build.0 = Debug|Any CPU
		{532656EC-4463-4C1C-B74B-AD9604D5E9A2}.Debug|x64.ActiveCfg = Debug|Any CPU
		{532656EC-4463-4C1C-B74B-AD9604D5E9A2}.Debug|x64.Build.0 = Debug|Any CPU
		{532656EC-4463-4C1C-B74B-AD9604D5E9A2}.Debug|x86.ActiveCfg = Debug|Any CPU
		{532656EC-4463-4C1C-B74B-AD9604D5E9A2}.Debug|x86.Build.0 = Debug|Any CPU
		{532656EC-4463-4C1C-B74B-AD9604D5E9A2}.Release|Any CPU.ActiveCfg = Release|Any CPU
		{532656EC-4463-4C1C-B74B-AD9604D5E9A2}.Release|Any CPU.Build.0 = Release|Any CPU
		{532656EC-4463-4C1C-B74B-AD9604D5E9A2}.Release|x64.ActiveCfg = Release|Any CPU
		{532656EC-4463-4C1C-B74B-AD9604D5E9A2}.Release|x64.Build.0 = Release|Any CPU
		{532656EC-4463-4C1C-B74B-AD9604D5E9A2}.Release|x86.ActiveCfg = Release|Any CPU
		{532656EC-4463-4C1C-B74B-AD9604D5E9A2}.Release|x86.Build.0 = Release|Any CPU
		{156F00FF-BBBC-4D2B-8294-4C54ED38E4AF}.Debug|Any CPU.ActiveCfg = Debug|Any CPU
		{156F00FF-BBBC-4D2B-8294-4C54ED38E4AF}.Debug|Any CPU.Build.0 = Debug|Any CPU
		{156F00FF-BBBC-4D2B-8294-4C54ED38E4AF}.Debug|x64.ActiveCfg = Debug|Any CPU
		{156F00FF-BBBC-4D2B-8294-4C54ED38E4AF}.Debug|x64.Build.0 = Debug|Any CPU
		{156F00FF-BBBC-4D2B-8294-4C54ED38E4AF}.Debug|x86.ActiveCfg = Debug|Any CPU
		{156F00FF-BBBC-4D2B-8294-4C54ED38E4AF}.Debug|x86.Build.0 = Debug|Any CPU
		{156F00FF-BBBC-4D2B-8294-4C54ED38E4AF}.Release|Any CPU.ActiveCfg = Release|Any CPU
		{156F00FF-BBBC-4D2B-8294-4C54ED38E4AF}.Release|Any CPU.Build.0 = Release|Any CPU
		{156F00FF-BBBC-4D2B-8294-4C54ED38E4AF}.Release|x64.ActiveCfg = Release|Any CPU
		{156F00FF-BBBC-4D2B-8294-4C54ED38E4AF}.Release|x64.Build.0 = Release|Any CPU
		{156F00FF-BBBC-4D2B-8294-4C54ED38E4AF}.Release|x86.ActiveCfg = Release|Any CPU
		{156F00FF-BBBC-4D2B-8294-4C54ED38E4AF}.Release|x86.Build.0 = Release|Any CPU
		{C6EB4CC2-F44E-463C-8457-C61894C4942F}.Debug|Any CPU.ActiveCfg = Debug|Any CPU
		{C6EB4CC2-F44E-463C-8457-C61894C4942F}.Debug|Any CPU.Build.0 = Debug|Any CPU
		{C6EB4CC2-F44E-463C-8457-C61894C4942F}.Debug|x64.ActiveCfg = Debug|Any CPU
		{C6EB4CC2-F44E-463C-8457-C61894C4942F}.Debug|x64.Build.0 = Debug|Any CPU
		{C6EB4CC2-F44E-463C-8457-C61894C4942F}.Debug|x86.ActiveCfg = Debug|Any CPU
		{C6EB4CC2-F44E-463C-8457-C61894C4942F}.Debug|x86.Build.0 = Debug|Any CPU
		{C6EB4CC2-F44E-463C-8457-C61894C4942F}.Release|Any CPU.ActiveCfg = Release|Any CPU
		{C6EB4CC2-F44E-463C-8457-C61894C4942F}.Release|Any CPU.Build.0 = Release|Any CPU
		{C6EB4CC2-F44E-463C-8457-C61894C4942F}.Release|x64.ActiveCfg = Release|Any CPU
		{C6EB4CC2-F44E-463C-8457-C61894C4942F}.Release|x64.Build.0 = Release|Any CPU
		{C6EB4CC2-F44E-463C-8457-C61894C4942F}.Release|x86.ActiveCfg = Release|Any CPU
		{C6EB4CC2-F44E-463C-8457-C61894C4942F}.Release|x86.Build.0 = Release|Any CPU
	EndGlobalSection
	GlobalSection(SolutionProperties) = preSolution
		HideSolutionNode = FALSE
	EndGlobalSection
	GlobalSection(ExtensibilityGlobals) = postSolution
		SolutionGuid = {E7DCB7AF-0963-4970-B241-6C042C815C0B}
	EndGlobalSection
EndGlobal
